
Microsoft Visual Studio Solution File, Format Version 12.00
# Visual Studio Version 17
VisualStudioVersion = 17.2.32616.157
MinimumVisualStudioVersion = 10.0.40219.1
Project("{FAE04EC0-301F-11D3-BF4B-00C04F79EFBC}") = "Redbridge.ApiManagement", "Redbridge.ApiManagement\Redbridge.ApiManagement.csproj", "{7702546C-06EB-45FF-985E-670110E484CC}"
EndProject
Project("{FAE04EC0-301F-11D3-BF4B-00C04F79EFBC}") = "Redbridge.ApiManagement.Tests", "Redbridge.ApiManagement.Tests\Redbridge.ApiManagement.Tests.csproj", "{6163FD5F-10D7-4479-844F-DD81F6E9C972}"
EndProject
Global
	GlobalSection(SolutionConfigurationPlatforms) = preSolution
		Debug|Any CPU = Debug|Any CPU
		Release|Any CPU = Release|Any CPU
	EndGlobalSection
	GlobalSection(ProjectConfigurationPlatforms) = postSolution
		{7702546C-06EB-45FF-985E-670110E484CC}.Debug|Any CPU.ActiveCfg = Debug|Any CPU
		{7702546C-06EB-45FF-985E-670110E484CC}.Debug|Any CPU.Build.0 = Debug|Any CPU
		{7702546C-06EB-45FF-985E-670110E484CC}.Release|Any CPU.ActiveCfg = Release|Any CPU
		{7702546C-06EB-45FF-985E-670110E484CC}.Release|Any CPU.Build.0 = Release|Any CPU
		{6163FD5F-10D7-4479-844F-DD81F6E9C972}.Debug|Any CPU.ActiveCfg = Debug|Any CPU
		{6163FD5F-10D7-4479-844F-DD81F6E9C972}.Debug|Any CPU.Build.0 = Debug|Any CPU
		{6163FD5F-10D7-4479-844F-DD81F6E9C972}.Release|Any CPU.ActiveCfg = Release|Any CPU
		{6163FD5F-10D7-4479-844F-DD81F6E9C972}.Release|Any CPU.Build.0 = Release|Any CPU
	EndGlobalSection
	GlobalSection(SolutionProperties) = preSolution
		HideSolutionNode = FALSE
	EndGlobalSection
	GlobalSection(ExtensibilityGlobals) = postSolution
		SolutionGuid = {899E51A4-61A9-42FD-B251-49E24CFA526E}
	EndGlobalSection
EndGlobal
